
Microsoft Visual Studio Solution File, Format Version 12.00
# Visual Studio Version 17
VisualStudioVersion = 17.5.33414.496
MinimumVisualStudioVersion = 10.0.40219.1
Project("{9A19103F-16F7-4668-BE54-9A1E7A4F7556}") = "IoT_23s", "IoT_23s\IoT_23s.csproj", "{7470DE0F-671C-41EE-9E0A-4E573826EE0D}"
EndProject
Project("{FAE04EC0-301F-11D3-BF4B-00C04F79EFBC}") = "Utils", "Utils\Utils.csproj", "{3006483E-451F-47CE-989F-06CF78928891}"
EndProject
Global
	GlobalSection(SolutionConfigurationPlatforms) = preSolution
		Debug|Any CPU = Debug|Any CPU
		Release|Any CPU = Release|Any CPU
	EndGlobalSection
	GlobalSection(ProjectConfigurationPlatforms) = postSolution
		{7470DE0F-671C-41EE-9E0A-4E573826EE0D}.Debug|Any CPU.ActiveCfg = Debug|Any CPU
		{7470DE0F-671C-41EE-9E0A-4E573826EE0D}.Debug|Any CPU.Build.0 = Debug|Any CPU
		{7470DE0F-671C-41EE-9E0A-4E573826EE0D}.Release|Any CPU.ActiveCfg = Release|Any CPU
		{7470DE0F-671C-41EE-9E0A-4E573826EE0D}.Release|Any CPU.Build.0 = Release|Any CPU
		{3006483E-451F-47CE-989F-06CF78928891}.Debug|Any CPU.ActiveCfg = Debug|Any CPU
		{3006483E-451F-47CE-989F-06CF78928891}.Debug|Any CPU.Build.0 = Debug|Any CPU
		{3006483E-451F-47CE-989F-06CF78928891}.Release|Any CPU.ActiveCfg = Release|Any CPU
		{3006483E-451F-47CE-989F-06CF78928891}.Release|Any CPU.Build.0 = Release|Any CPU
	EndGlobalSection
	GlobalSection(SolutionProperties) = preSolution
		HideSolutionNode = FALSE
	EndGlobalSection
	GlobalSection(ExtensibilityGlobals) = postSolution
		SolutionGuid = {2D013C84-049B-4DC6-AAD7-056F4EB7694F}
	EndGlobalSection
EndGlobal
